// !$*UTF8*$!
{
	archiveVersion = 1;
	classes = {
	};
	objectVersion = 55;
	objects = {

/* Begin PBXBuildFile section */
		52158D4C27FD306C0022BC65 /* NavigationBarView.swift in Sources */ = {isa = PBXBuildFile; fileRef = 52158D4B27FD306C0022BC65 /* NavigationBarView.swift */; };
		52158D4E27FD32290022BC65 /* LogoView.swift in Sources */ = {isa = PBXBuildFile; fileRef = 52158D4D27FD32290022BC65 /* LogoView.swift */; };
		52158D5027FD35B80022BC65 /* PlayerModel.swift in Sources */ = {isa = PBXBuildFile; fileRef = 52158D4F27FD35B80022BC65 /* PlayerModel.swift */; };
		52158D5227FD361A0022BC65 /* CodableBundleExtension.swift in Sources */ = {isa = PBXBuildFile; fileRef = 52158D5127FD361A0022BC65 /* CodableBundleExtension.swift */; };
		52158D5427FD37130022BC65 /* FeaturedItemView.swift in Sources */ = {isa = PBXBuildFile; fileRef = 52158D5327FD37130022BC65 /* FeaturedItemView.swift */; };
		52158D5627FD376B0022BC65 /* FeaturedTabView.swift in Sources */ = {isa = PBXBuildFile; fileRef = 52158D5527FD376B0022BC65 /* FeaturedTabView.swift */; };
		52158D5827FD40540022BC65 /* CategoryModel.swift in Sources */ = {isa = PBXBuildFile; fileRef = 52158D5727FD40540022BC65 /* CategoryModel.swift */; };
		52158D5A27FD411F0022BC65 /* CategoryItemView.swift in Sources */ = {isa = PBXBuildFile; fileRef = 52158D5927FD411F0022BC65 /* CategoryItemView.swift */; };
		52158D5C27FD444B0022BC65 /* CategoryGridView.swift in Sources */ = {isa = PBXBuildFile; fileRef = 52158D5B27FD444B0022BC65 /* CategoryGridView.swift */; };
		52158D5E27FD459E0022BC65 /* SectionView.swift in Sources */ = {isa = PBXBuildFile; fileRef = 52158D5D27FD459E0022BC65 /* SectionView.swift */; };
		52F997A827FBF7AA00F088AF /* TouchdownApp.swift in Sources */ = {isa = PBXBuildFile; fileRef = 52F997A727FBF7AA00F088AF /* TouchdownApp.swift */; };
		52F997AA27FBF7AA00F088AF /* ContentView.swift in Sources */ = {isa = PBXBuildFile; fileRef = 52F997A927FBF7AA00F088AF /* ContentView.swift */; };
		52F997AC27FBF7AA00F088AF /* Assets.xcassets in Resources */ = {isa = PBXBuildFile; fileRef = 52F997AB27FBF7AA00F088AF /* Assets.xcassets */; };
		52F997AF27FBF7AA00F088AF /* Preview Assets.xcassets in Resources */ = {isa = PBXBuildFile; fileRef = 52F997AE27FBF7AA00F088AF /* Preview Assets.xcassets */; };
		52F997B627FBF86000F088AF /* brand.json in Resources */ = {isa = PBXBuildFile; fileRef = 52F997B527FBF86000F088AF /* brand.json */; };
		52F997BA27FBF87A00F088AF /* player.json in Resources */ = {isa = PBXBuildFile; fileRef = 52F997B727FBF87A00F088AF /* player.json */; };
		52F997BB27FBF87A00F088AF /* category.json in Resources */ = {isa = PBXBuildFile; fileRef = 52F997B827FBF87A00F088AF /* category.json */; };
		52F997BC27FBF87A00F088AF /* product.json in Resources */ = {isa = PBXBuildFile; fileRef = 52F997B927FBF87A00F088AF /* product.json */; };
		52F997C827FBF98300F088AF /* Constant.swift in Sources */ = {isa = PBXBuildFile; fileRef = 52F997C727FBF98300F088AF /* Constant.swift */; };
		52F997CA27FBFA0A00F088AF /* FooterView.swift in Sources */ = {isa = PBXBuildFile; fileRef = 52F997C927FBFA0A00F088AF /* FooterView.swift */; };
/* End PBXBuildFile section */

/* Begin PBXFileReference section */
		52158D4B27FD306C0022BC65 /* NavigationBarView.swift */ = {isa = PBXFileReference; lastKnownFileType = sourcecode.swift; path = NavigationBarView.swift; sourceTree = "<group>"; };
		52158D4D27FD32290022BC65 /* LogoView.swift */ = {isa = PBXFileReference; lastKnownFileType = sourcecode.swift; path = LogoView.swift; sourceTree = "<group>"; };
		52158D4F27FD35B80022BC65 /* PlayerModel.swift */ = {isa = PBXFileReference; lastKnownFileType = sourcecode.swift; path = PlayerModel.swift; sourceTree = "<group>"; };
		52158D5127FD361A0022BC65 /* CodableBundleExtension.swift */ = {isa = PBXFileReference; lastKnownFileType = sourcecode.swift; path = CodableBundleExtension.swift; sourceTree = "<group>"; };
		52158D5327FD37130022BC65 /* FeaturedItemView.swift */ = {isa = PBXFileReference; lastKnownFileType = sourcecode.swift; path = FeaturedItemView.swift; sourceTree = "<group>"; };
		52158D5527FD376B0022BC65 /* FeaturedTabView.swift */ = {isa = PBXFileReference; lastKnownFileType = sourcecode.swift; path = FeaturedTabView.swift; sourceTree = "<group>"; };
		52158D5727FD40540022BC65 /* CategoryModel.swift */ = {isa = PBXFileReference; lastKnownFileType = sourcecode.swift; path = CategoryModel.swift; sourceTree = "<group>"; };
		52158D5927FD411F0022BC65 /* CategoryItemView.swift */ = {isa = PBXFileReference; lastKnownFileType = sourcecode.swift; path = CategoryItemView.swift; sourceTree = "<group>"; };
		52158D5B27FD444B0022BC65 /* CategoryGridView.swift */ = {isa = PBXFileReference; lastKnownFileType = sourcecode.swift; path = CategoryGridView.swift; sourceTree = "<group>"; };
		52158D5D27FD459E0022BC65 /* SectionView.swift */ = {isa = PBXFileReference; lastKnownFileType = sourcecode.swift; path = SectionView.swift; sourceTree = "<group>"; };
		52F997A427FBF7AA00F088AF /* Touchdown.app */ = {isa = PBXFileReference; explicitFileType = wrapper.application; includeInIndex = 0; path = Touchdown.app; sourceTree = BUILT_PRODUCTS_DIR; };
		52F997A727FBF7AA00F088AF /* TouchdownApp.swift */ = {isa = PBXFileReference; lastKnownFileType = sourcecode.swift; path = TouchdownApp.swift; sourceTree = "<group>"; };
		52F997A927FBF7AA00F088AF /* ContentView.swift */ = {isa = PBXFileReference; lastKnownFileType = sourcecode.swift; path = ContentView.swift; sourceTree = "<group>"; };
		52F997AB27FBF7AA00F088AF /* Assets.xcassets */ = {isa = PBXFileReference; lastKnownFileType = folder.assetcatalog; path = Assets.xcassets; sourceTree = "<group>"; };
		52F997AE27FBF7AA00F088AF /* Preview Assets.xcassets */ = {isa = PBXFileReference; lastKnownFileType = folder.assetcatalog; path = "Preview Assets.xcassets"; sourceTree = "<group>"; };
		52F997B527FBF86000F088AF /* brand.json */ = {isa = PBXFileReference; fileEncoding = 4; lastKnownFileType = text.json; path = brand.json; sourceTree = "<group>"; };
		52F997B727FBF87A00F088AF /* player.json */ = {isa = PBXFileReference; fileEncoding = 4; lastKnownFileType = text.json; path = player.json; sourceTree = "<group>"; };
		52F997B827FBF87A00F088AF /* category.json */ = {isa = PBXFileReference; fileEncoding = 4; lastKnownFileType = text.json; path = category.json; sourceTree = "<group>"; };
		52F997B927FBF87A00F088AF /* product.json */ = {isa = PBXFileReference; fileEncoding = 4; lastKnownFileType = text.json; path = product.json; sourceTree = "<group>"; };
		52F997BF27FBF8DB00F088AF /* Info.plist */ = {isa = PBXFileReference; lastKnownFileType = text.plist; path = Info.plist; sourceTree = "<group>"; };
		52F997C727FBF98300F088AF /* Constant.swift */ = {isa = PBXFileReference; lastKnownFileType = sourcecode.swift; path = Constant.swift; sourceTree = "<group>"; };
		52F997C927FBFA0A00F088AF /* FooterView.swift */ = {isa = PBXFileReference; lastKnownFileType = sourcecode.swift; path = FooterView.swift; sourceTree = "<group>"; };
/* End PBXFileReference section */

/* Begin PBXFrameworksBuildPhase section */
		52F997A127FBF7AA00F088AF /* Frameworks */ = {
			isa = PBXFrameworksBuildPhase;
			buildActionMask = 2147483647;
			files = (
			);
			runOnlyForDeploymentPostprocessing = 0;
		};
/* End PBXFrameworksBuildPhase section */

/* Begin PBXGroup section */
		52F9979B27FBF7AA00F088AF = {
			isa = PBXGroup;
			children = (
				52F997A627FBF7AA00F088AF /* Touchdown */,
				52F997A527FBF7AA00F088AF /* Products */,
			);
			sourceTree = "<group>";
		};
		52F997A527FBF7AA00F088AF /* Products */ = {
			isa = PBXGroup;
			children = (
				52F997A427FBF7AA00F088AF /* Touchdown.app */,
			);
			name = Products;
			sourceTree = "<group>";
		};
		52F997A627FBF7AA00F088AF /* Touchdown */ = {
			isa = PBXGroup;
			children = (
				52F997C427FBF95A00F088AF /* Extension */,
				52F997C327FBF94800F088AF /* Utility */,
				52F997C227FBF94000F088AF /* Model */,
				52F997C127FBF93900F088AF /* View */,
				52F997BF27FBF8DB00F088AF /* Info.plist */,
				52F997BE27FBF8AC00F088AF /* Data */,
				52F997C027FBF93400F088AF /* App */,
				52F997AB27FBF7AA00F088AF /* Assets.xcassets */,
				52F997AD27FBF7AA00F088AF /* Preview Content */,
			);
			path = Touchdown;
			sourceTree = "<group>";
		};
		52F997AD27FBF7AA00F088AF /* Preview Content */ = {
			isa = PBXGroup;
			children = (
				52F997AE27FBF7AA00F088AF /* Preview Assets.xcassets */,
			);
			path = "Preview Content";
			sourceTree = "<group>";
		};
		52F997BE27FBF8AC00F088AF /* Data */ = {
			isa = PBXGroup;
			children = (
				52F997B827FBF87A00F088AF /* category.json */,
				52F997B727FBF87A00F088AF /* player.json */,
				52F997B927FBF87A00F088AF /* product.json */,
				52F997B527FBF86000F088AF /* brand.json */,
			);
			path = Data;
			sourceTree = "<group>";
		};
		52F997C027FBF93400F088AF /* App */ = {
			isa = PBXGroup;
			children = (
				52F997A727FBF7AA00F088AF /* TouchdownApp.swift */,
				52F997A927FBF7AA00F088AF /* ContentView.swift */,
			);
			path = App;
			sourceTree = "<group>";
		};
		52F997C127FBF93900F088AF /* View */ = {
			isa = PBXGroup;
			children = (
				52F997C627FBF96800F088AF /* Detail */,
				52F997C527FBF96400F088AF /* Home */,
			);
			path = View;
			sourceTree = "<group>";
		};
		52F997C227FBF94000F088AF /* Model */ = {
			isa = PBXGroup;
			children = (
				52158D4F27FD35B80022BC65 /* PlayerModel.swift */,
				52158D5727FD40540022BC65 /* CategoryModel.swift */,
			);
			path = Model;
			sourceTree = "<group>";
		};
		52F997C327FBF94800F088AF /* Utility */ = {
			isa = PBXGroup;
			children = (
				52F997C727FBF98300F088AF /* Constant.swift */,
			);
			path = Utility;
			sourceTree = "<group>";
		};
		52F997C427FBF95A00F088AF /* Extension */ = {
			isa = PBXGroup;
			children = (
				52158D5127FD361A0022BC65 /* CodableBundleExtension.swift */,
			);
			path = Extension;
			sourceTree = "<group>";
		};
		52F997C527FBF96400F088AF /* Home */ = {
			isa = PBXGroup;
			children = (
				52F997C927FBFA0A00F088AF /* FooterView.swift */,
				52158D4B27FD306C0022BC65 /* NavigationBarView.swift */,
				52158D4D27FD32290022BC65 /* LogoView.swift */,
				52158D5327FD37130022BC65 /* FeaturedItemView.swift */,
				52158D5527FD376B0022BC65 /* FeaturedTabView.swift */,
				52158D5927FD411F0022BC65 /* CategoryItemView.swift */,
				52158D5B27FD444B0022BC65 /* CategoryGridView.swift */,
				52158D5D27FD459E0022BC65 /* SectionView.swift */,
			);
			path = Home;
			sourceTree = "<group>";
		};
		52F997C627FBF96800F088AF /* Detail */ = {
			isa = PBXGroup;
			children = (
			);
			path = Detail;
			sourceTree = "<group>";
		};
/* End PBXGroup section */

/* Begin PBXNativeTarget section */
		52F997A327FBF7AA00F088AF /* Touchdown */ = {
			isa = PBXNativeTarget;
			buildConfigurationList = 52F997B227FBF7AA00F088AF /* Build configuration list for PBXNativeTarget "Touchdown" */;
			buildPhases = (
				52F997A027FBF7AA00F088AF /* Sources */,
				52F997A127FBF7AA00F088AF /* Frameworks */,
				52F997A227FBF7AA00F088AF /* Resources */,
			);
			buildRules = (
			);
			dependencies = (
			);
			name = Touchdown;
			productName = Touchdown;
			productReference = 52F997A427FBF7AA00F088AF /* Touchdown.app */;
			productType = "com.apple.product-type.application";
		};
/* End PBXNativeTarget section */

/* Begin PBXProject section */
		52F9979C27FBF7AA00F088AF /* Project object */ = {
			isa = PBXProject;
			attributes = {
				BuildIndependentTargetsInParallel = 1;
				LastSwiftUpdateCheck = 1320;
				LastUpgradeCheck = 1320;
				TargetAttributes = {
					52F997A327FBF7AA00F088AF = {
						CreatedOnToolsVersion = 13.2.1;
					};
				};
			};
			buildConfigurationList = 52F9979F27FBF7AA00F088AF /* Build configuration list for PBXProject "Touchdown" */;
			compatibilityVersion = "Xcode 13.0";
			developmentRegion = en;
			hasScannedForEncodings = 0;
			knownRegions = (
				en,
				Base,
			);
			mainGroup = 52F9979B27FBF7AA00F088AF;
			productRefGroup = 52F997A527FBF7AA00F088AF /* Products */;
			projectDirPath = "";
			projectRoot = "";
			targets = (
				52F997A327FBF7AA00F088AF /* Touchdown */,
			);
		};
/* End PBXProject section */

/* Begin PBXResourcesBuildPhase section */
		52F997A227FBF7AA00F088AF /* Resources */ = {
			isa = PBXResourcesBuildPhase;
			buildActionMask = 2147483647;
			files = (
				52F997BA27FBF87A00F088AF /* player.json in Resources */,
				52F997AF27FBF7AA00F088AF /* Preview Assets.xcassets in Resources */,
				52F997BB27FBF87A00F088AF /* category.json in Resources */,
				52F997AC27FBF7AA00F088AF /* Assets.xcassets in Resources */,
				52F997B627FBF86000F088AF /* brand.json in Resources */,
				52F997BC27FBF87A00F088AF /* product.json in Resources */,
			);
			runOnlyForDeploymentPostprocessing = 0;
		};
/* End PBXResourcesBuildPhase section */

/* Begin PBXSourcesBuildPhase section */
		52F997A027FBF7AA00F088AF /* Sources */ = {
			isa = PBXSourcesBuildPhase;
			buildActionMask = 2147483647;
			files = (
				52158D5227FD361A0022BC65 /* CodableBundleExtension.swift in Sources */,
				52F997AA27FBF7AA00F088AF /* ContentView.swift in Sources */,
				52158D4E27FD32290022BC65 /* LogoView.swift in Sources */,
				52F997CA27FBFA0A00F088AF /* FooterView.swift in Sources */,
				52158D5427FD37130022BC65 /* FeaturedItemView.swift in Sources */,
				52F997A827FBF7AA00F088AF /* TouchdownApp.swift in Sources */,
				52158D5027FD35B80022BC65 /* PlayerModel.swift in Sources */,
				52158D5C27FD444B0022BC65 /* CategoryGridView.swift in Sources */,
				52F997C827FBF98300F088AF /* Constant.swift in Sources */,
				52158D5627FD376B0022BC65 /* FeaturedTabView.swift in Sources */,
				52158D5E27FD459E0022BC65 /* SectionView.swift in Sources */,
				52158D5A27FD411F0022BC65 /* CategoryItemView.swift in Sources */,
				52158D4C27FD306C0022BC65 /* NavigationBarView.swift in Sources */,
				52158D5827FD40540022BC65 /* CategoryModel.swift in Sources */,
			);
			runOnlyForDeploymentPostprocessing = 0;
		};
/* End PBXSourcesBuildPhase section */

/* Begin XCBuildConfiguration section */
		52F997B027FBF7AA00F088AF /* Debug */ = {
			isa = XCBuildConfiguration;
			buildSettings = {
				ALWAYS_SEARCH_USER_PATHS = NO;
				CLANG_ANALYZER_NONNULL = YES;
				CLANG_ANALYZER_NUMBER_OBJECT_CONVERSION = YES_AGGRESSIVE;
				CLANG_CXX_LANGUAGE_STANDARD = "gnu++17";
				CLANG_CXX_LIBRARY = "libc++";
				CLANG_ENABLE_MODULES = YES;
				CLANG_ENABLE_OBJC_ARC = YES;
				CLANG_ENABLE_OBJC_WEAK = YES;
				CLANG_WARN_BLOCK_CAPTURE_AUTORELEASING = YES;
				CLANG_WARN_BOOL_CONVERSION = YES;
				CLANG_WARN_COMMA = YES;
				CLANG_WARN_CONSTANT_CONVERSION = YES;
				CLANG_WARN_DEPRECATED_OBJC_IMPLEMENTATIONS = YES;
				CLANG_WARN_DIRECT_OBJC_ISA_USAGE = YES_ERROR;
				CLANG_WARN_DOCUMENTATION_COMMENTS = YES;
				CLANG_WARN_EMPTY_BODY = YES;
				CLANG_WARN_ENUM_CONVERSION = YES;
				CLANG_WARN_INFINITE_RECURSION = YES;
				CLANG_WARN_INT_CONVERSION = YES;
				CLANG_WARN_NON_LITERAL_NULL_CONVERSION = YES;
				CLANG_WARN_OBJC_IMPLICIT_RETAIN_SELF = YES;
				CLANG_WARN_OBJC_LITERAL_CONVERSION = YES;
				CLANG_WARN_OBJC_ROOT_CLASS = YES_ERROR;
				CLANG_WARN_QUOTED_INCLUDE_IN_FRAMEWORK_HEADER = YES;
				CLANG_WARN_RANGE_LOOP_ANALYSIS = YES;
				CLANG_WARN_STRICT_PROTOTYPES = YES;
				CLANG_WARN_SUSPICIOUS_MOVE = YES;
				CLANG_WARN_UNGUARDED_AVAILABILITY = YES_AGGRESSIVE;
				CLANG_WARN_UNREACHABLE_CODE = YES;
				CLANG_WARN__DUPLICATE_METHOD_MATCH = YES;
				COPY_PHASE_STRIP = NO;
				DEBUG_INFORMATION_FORMAT = dwarf;
				ENABLE_STRICT_OBJC_MSGSEND = YES;
				ENABLE_TESTABILITY = YES;
				GCC_C_LANGUAGE_STANDARD = gnu11;
				GCC_DYNAMIC_NO_PIC = NO;
				GCC_NO_COMMON_BLOCKS = YES;
				GCC_OPTIMIZATION_LEVEL = 0;
				GCC_PREPROCESSOR_DEFINITIONS = (
					"DEBUG=1",
					"$(inherited)",
				);
				GCC_WARN_64_TO_32_BIT_CONVERSION = YES;
				GCC_WARN_ABOUT_RETURN_TYPE = YES_ERROR;
				GCC_WARN_UNDECLARED_SELECTOR = YES;
				GCC_WARN_UNINITIALIZED_AUTOS = YES_AGGRESSIVE;
				GCC_WARN_UNUSED_FUNCTION = YES;
				GCC_WARN_UNUSED_VARIABLE = YES;
				IPHONEOS_DEPLOYMENT_TARGET = 15.2;
				MTL_ENABLE_DEBUG_INFO = INCLUDE_SOURCE;
				MTL_FAST_MATH = YES;
				ONLY_ACTIVE_ARCH = YES;
				SDKROOT = iphoneos;
				SWIFT_ACTIVE_COMPILATION_CONDITIONS = DEBUG;
				SWIFT_OPTIMIZATION_LEVEL = "-Onone";
			};
			name = Debug;
		};
		52F997B127FBF7AA00F088AF /* Release */ = {
			isa = XCBuildConfiguration;
			buildSettings = {
				ALWAYS_SEARCH_USER_PATHS = NO;
				CLANG_ANALYZER_NONNULL = YES;
				CLANG_ANALYZER_NUMBER_OBJECT_CONVERSION = YES_AGGRESSIVE;
				CLANG_CXX_LANGUAGE_STANDARD = "gnu++17";
				CLANG_CXX_LIBRARY = "libc++";
				CLANG_ENABLE_MODULES = YES;
				CLANG_ENABLE_OBJC_ARC = YES;
				CLANG_ENABLE_OBJC_WEAK = YES;
				CLANG_WARN_BLOCK_CAPTURE_AUTORELEASING = YES;
				CLANG_WARN_BOOL_CONVERSION = YES;
				CLANG_WARN_COMMA = YES;
				CLANG_WARN_CONSTANT_CONVERSION = YES;
				CLANG_WARN_DEPRECATED_OBJC_IMPLEMENTATIONS = YES;
				CLANG_WARN_DIRECT_OBJC_ISA_USAGE = YES_ERROR;
				CLANG_WARN_DOCUMENTATION_COMMENTS = YES;
				CLANG_WARN_EMPTY_BODY = YES;
				CLANG_WARN_ENUM_CONVERSION = YES;
				CLANG_WARN_INFINITE_RECURSION = YES;
				CLANG_WARN_INT_CONVERSION = YES;
				CLANG_WARN_NON_LITERAL_NULL_CONVERSION = YES;
				CLANG_WARN_OBJC_IMPLICIT_RETAIN_SELF = YES;
				CLANG_WARN_OBJC_LITERAL_CONVERSION = YES;
				CLANG_WARN_OBJC_ROOT_CLASS = YES_ERROR;
				CLANG_WARN_QUOTED_INCLUDE_IN_FRAMEWORK_HEADER = YES;
				CLANG_WARN_RANGE_LOOP_ANALYSIS = YES;
				CLANG_WARN_STRICT_PROTOTYPES = YES;
				CLANG_WARN_SUSPICIOUS_MOVE = YES;
				CLANG_WARN_UNGUARDED_AVAILABILITY = YES_AGGRESSIVE;
				CLANG_WARN_UNREACHABLE_CODE = YES;
				CLANG_WARN__DUPLICATE_METHOD_MATCH = YES;
				COPY_PHASE_STRIP = NO;
				DEBUG_INFORMATION_FORMAT = "dwarf-with-dsym";
				ENABLE_NS_ASSERTIONS = NO;
				ENABLE_STRICT_OBJC_MSGSEND = YES;
				GCC_C_LANGUAGE_STANDARD = gnu11;
				GCC_NO_COMMON_BLOCKS = YES;
				GCC_WARN_64_TO_32_BIT_CONVERSION = YES;
				GCC_WARN_ABOUT_RETURN_TYPE = YES_ERROR;
				GCC_WARN_UNDECLARED_SELECTOR = YES;
				GCC_WARN_UNINITIALIZED_AUTOS = YES_AGGRESSIVE;
				GCC_WARN_UNUSED_FUNCTION = YES;
				GCC_WARN_UNUSED_VARIABLE = YES;
				IPHONEOS_DEPLOYMENT_TARGET = 15.2;
				MTL_ENABLE_DEBUG_INFO = NO;
				MTL_FAST_MATH = YES;
				SDKROOT = iphoneos;
				SWIFT_COMPILATION_MODE = wholemodule;
				SWIFT_OPTIMIZATION_LEVEL = "-O";
				VALIDATE_PRODUCT = YES;
			};
			name = Release;
		};
		52F997B327FBF7AA00F088AF /* Debug */ = {
			isa = XCBuildConfiguration;
			buildSettings = {
				ASSETCATALOG_COMPILER_APPICON_NAME = AppIcon;
				ASSETCATALOG_COMPILER_GLOBAL_ACCENT_COLOR_NAME = AccentColor;
				CODE_SIGN_STYLE = Automatic;
				CURRENT_PROJECT_VERSION = 1;
				DEVELOPMENT_ASSET_PATHS = "\"Touchdown/Preview Content\"";
				DEVELOPMENT_TEAM = SZMX86729P;
				ENABLE_PREVIEWS = YES;
				GENERATE_INFOPLIST_FILE = YES;
				INFOPLIST_FILE = Touchdown/Info.plist;
				INFOPLIST_KEY_LSApplicationCategoryType = "";
				INFOPLIST_KEY_UIApplicationSceneManifest_Generation = YES;
				INFOPLIST_KEY_UIApplicationSupportsIndirectInputEvents = YES;
				INFOPLIST_KEY_UISupportedInterfaceOrientations = UIInterfaceOrientationPortrait;
				INFOPLIST_KEY_UISupportedInterfaceOrientations_iPad = "UIInterfaceOrientationPortrait UIInterfaceOrientationPortraitUpsideDown UIInterfaceOrientationLandscapeLeft UIInterfaceOrientationLandscapeRight";
				INFOPLIST_KEY_UISupportedInterfaceOrientations_iPhone = "UIInterfaceOrientationPortrait UIInterfaceOrientationLandscapeLeft UIInterfaceOrientationLandscapeRight";
				INFOPLIST_KEY_UIUserInterfaceStyle = Light;
				LD_RUNPATH_SEARCH_PATHS = (
					"$(inherited)",
					"@executable_path/Frameworks",
				);
				MARKETING_VERSION = 1.0;
				PRODUCT_BUNDLE_IDENTIFIER = com.crow.Touchdown;
				PRODUCT_NAME = "$(TARGET_NAME)";
				SWIFT_EMIT_LOC_STRINGS = YES;
				SWIFT_VERSION = 5.0;
				TARGETED_DEVICE_FAMILY = "1,2";
			};
			name = Debug;
		};
		52F997B427FBF7AA00F088AF /* Release */ = {
			isa = XCBuildConfiguration;
			buildSettings = {
				ASSETCATALOG_COMPILER_APPICON_NAME = AppIcon;
				ASSETCATALOG_COMPILER_GLOBAL_ACCENT_COLOR_NAME = AccentColor;
				CODE_SIGN_STYLE = Automatic;
				CURRENT_PROJECT_VERSION = 1;
				DEVELOPMENT_ASSET_PATHS = "\"Touchdown/Preview Content\"";
				DEVELOPMENT_TEAM = SZMX86729P;
				ENABLE_PREVIEWS = YES;
				GENERATE_INFOPLIST_FILE = YES;
				INFOPLIST_FILE = Touchdown/Info.plist;
				INFOPLIST_KEY_LSApplicationCategoryType = "";
				INFOPLIST_KEY_UIApplicationSceneManifest_Generation = YES;
				INFOPLIST_KEY_UIApplicationSupportsIndirectInputEvents = YES;
				INFOPLIST_KEY_UISupportedInterfaceOrientations = UIInterfaceOrientationPortrait;
				INFOPLIST_KEY_UISupportedInterfaceOrientations_iPad = "UIInterfaceOrientationPortrait UIInterfaceOrientationPortraitUpsideDown UIInterfaceOrientationLandscapeLeft UIInterfaceOrientationLandscapeRight";
				INFOPLIST_KEY_UISupportedInterfaceOrientations_iPhone = "UIInterfaceOrientationPortrait UIInterfaceOrientationLandscapeLeft UIInterfaceOrientationLandscapeRight";
				INFOPLIST_KEY_UIUserInterfaceStyle = Light;
				LD_RUNPATH_SEARCH_PATHS = (
					"$(inherited)",
					"@executable_path/Frameworks",
				);
				MARKETING_VERSION = 1.0;
				PRODUCT_BUNDLE_IDENTIFIER = com.crow.Touchdown;
				PRODUCT_NAME = "$(TARGET_NAME)";
				SWIFT_EMIT_LOC_STRINGS = YES;
				SWIFT_VERSION = 5.0;
				TARGETED_DEVICE_FAMILY = "1,2";
			};
			name = Release;
		};
/* End XCBuildConfiguration section */

/* Begin XCConfigurationList section */
		52F9979F27FBF7AA00F088AF /* Build configuration list for PBXProject "Touchdown" */ = {
			isa = XCConfigurationList;
			buildConfigurations = (
				52F997B027FBF7AA00F088AF /* Debug */,
				52F997B127FBF7AA00F088AF /* Release */,
			);
			defaultConfigurationIsVisible = 0;
			defaultConfigurationName = Release;
		};
		52F997B227FBF7AA00F088AF /* Build configuration list for PBXNativeTarget "Touchdown" */ = {
			isa = XCConfigurationList;
			buildConfigurations = (
				52F997B327FBF7AA00F088AF /* Debug */,
				52F997B427FBF7AA00F088AF /* Release */,
			);
			defaultConfigurationIsVisible = 0;
			defaultConfigurationName = Release;
		};
/* End XCConfigurationList section */
	};
	rootObject = 52F9979C27FBF7AA00F088AF /* Project object */;
}
